
Microsoft Visual Studio Solution File, Format Version 12.00
# Visual Studio Version 17
VisualStudioVersion = 17.0.32112.339
MinimumVisualStudioVersion = 10.0.40219.1
Project("{FAE04EC0-301F-11D3-BF4B-00C04F79EFBC}") = "EksponentWithReactFrontend", "EksponentWithReactFrontend\EksponentWithReactFrontend.csproj", "{277D4A18-1694-4A1E-A9CC-C1DFB9853AFE}"
EndProject
Global
	GlobalSection(SolutionConfigurationPlatforms) = preSolution
		Debug|Any CPU = Debug|Any CPU
		Release|Any CPU = Release|Any CPU
	EndGlobalSection
	GlobalSection(ProjectConfigurationPlatforms) = postSolution
		{277D4A18-1694-4A1E-A9CC-C1DFB9853AFE}.Debug|Any CPU.ActiveCfg = Debug|Any CPU
		{277D4A18-1694-4A1E-A9CC-C1DFB9853AFE}.Debug|Any CPU.Build.0 = Debug|Any CPU
		{277D4A18-1694-4A1E-A9CC-C1DFB9853AFE}.Release|Any CPU.ActiveCfg = Release|Any CPU
		{277D4A18-1694-4A1E-A9CC-C1DFB9853AFE}.Release|Any CPU.Build.0 = Release|Any CPU
	EndGlobalSection
	GlobalSection(SolutionProperties) = preSolution
		HideSolutionNode = FALSE
	EndGlobalSection
	GlobalSection(ExtensibilityGlobals) = postSolution
		SolutionGuid = {F1069D3C-A6A7-41CD-A4C1-2BF24C39EE8A}
	EndGlobalSection
EndGlobal
